
Microsoft Visual Studio Solution File, Format Version 12.00
# Visual Studio Version 16
VisualStudioVersion = 16.0.33214.272
MinimumVisualStudioVersion = 10.0.40219.1
Project("{FAE04EC0-301F-11D3-BF4B-00C04F79EFBC}") = "TearsAndFears", "TearsAndFears\TearsAndFears.csproj", "{DC870CEE-D943-485F-923F-92C8847E0136}"
EndProject
Global
	GlobalSection(SolutionConfigurationPlatforms) = preSolution
		Debug|Any CPU = Debug|Any CPU
		Release|Any CPU = Release|Any CPU
	EndGlobalSection
	GlobalSection(ProjectConfigurationPlatforms) = postSolution
		{DC870CEE-D943-485F-923F-92C8847E0136}.Debug|Any CPU.ActiveCfg = Debug|Any CPU
		{DC870CEE-D943-485F-923F-92C8847E0136}.Debug|Any CPU.Build.0 = Debug|Any CPU
		{DC870CEE-D943-485F-923F-92C8847E0136}.Release|Any CPU.ActiveCfg = Release|Any CPU
		{DC870CEE-D943-485F-923F-92C8847E0136}.Release|Any CPU.Build.0 = Release|Any CPU
	EndGlobalSection
	GlobalSection(SolutionProperties) = preSolution
		HideSolutionNode = FALSE
	EndGlobalSection
	GlobalSection(ExtensibilityGlobals) = postSolution
		SolutionGuid = {16E98EF7-0832-4545-8723-1E1741A692B9}
	EndGlobalSection
EndGlobal
